// !$*UTF8*$!
{
	archiveVersion = 1;
	classes = {
	};
	objectVersion = 50;
	objects = {

/* Begin PBXBuildFile section */
		7203B3B9223D7A08006F5665 /* Date+Extension.swift in Sources */ = {isa = PBXBuildFile; fileRef = 7203B3B8223D7A08006F5665 /* Date+Extension.swift */; };
		7203B3BC22458910006F5665 /* HealthKit.framework in Frameworks */ = {isa = PBXBuildFile; fileRef = 7203B3BB22458910006F5665 /* HealthKit.framework */; };
		7203B3BF2246CD6A006F5665 /* Notification+Extension.swift in Sources */ = {isa = PBXBuildFile; fileRef = 7203B3BE2246CD6A006F5665 /* Notification+Extension.swift */; };
		7203B3C12246CE69006F5665 /* MotionTracking.swift in Sources */ = {isa = PBXBuildFile; fileRef = 7203B3C02246CE68006F5665 /* MotionTracking.swift */; };
		720EE293224C338D0094E409 /* UIButton+Extension.swift in Sources */ = {isa = PBXBuildFile; fileRef = 720EE292224C338D0094E409 /* UIButton+Extension.swift */; };
		720EE2952252C0F90094E409 /* UIView+Extension.swift in Sources */ = {isa = PBXBuildFile; fileRef = 720EE2942252C0F90094E409 /* UIView+Extension.swift */; };
		722825E0223AA7FB0060C608 /* Alarm.swift in Sources */ = {isa = PBXBuildFile; fileRef = 722825DF223AA7FB0060C608 /* Alarm.swift */; };
		722825E2223AAF370060C608 /* Report.swift in Sources */ = {isa = PBXBuildFile; fileRef = 722825E1223AAF370060C608 /* Report.swift */; };
		7273281B2257317D002F3081 /* GoogleService-Info.plist in Resources */ = {isa = PBXBuildFile; fileRef = 7273281A2257317D002F3081 /* GoogleService-Info.plist */; };
		7273281D22574016002F3081 /* SignInViewController.swift in Sources */ = {isa = PBXBuildFile; fileRef = 7273281C22574016002F3081 /* SignInViewController.swift */; };
		7273281F22574BF5002F3081 /* FirebaseClient.swift in Sources */ = {isa = PBXBuildFile; fileRef = 7273281E22574BF5002F3081 /* FirebaseClient.swift */; };
		7273282222575576002F3081 /* User.swift in Sources */ = {isa = PBXBuildFile; fileRef = 7273282122575576002F3081 /* User.swift */; };
		727328242257567B002F3081 /* SignUpViewController.swift in Sources */ = {isa = PBXBuildFile; fileRef = 727328232257567B002F3081 /* SignUpViewController.swift */; };
		7273282922577C34002F3081 /* LoggedInViewController.swift in Sources */ = {isa = PBXBuildFile; fileRef = 7273282822577C34002F3081 /* LoggedInViewController.swift */; };
		7273282B2257A1F9002F3081 /* TabBarController.swift in Sources */ = {isa = PBXBuildFile; fileRef = 7273282A2257A1F9002F3081 /* TabBarController.swift */; };
		72738E3D2254F2A2005AAC9E /* UIImageView+Extension.swift in Sources */ = {isa = PBXBuildFile; fileRef = 72738E3C2254F2A2005AAC9E /* UIImageView+Extension.swift */; };
		7274530C2257AF3800BEA850 /* UserEntity+Extension.swift in Sources */ = {isa = PBXBuildFile; fileRef = 7274530B2257AF3800BEA850 /* UserEntity+Extension.swift */; };
		727453102257BB1800BEA850 /* AccountController.swift in Sources */ = {isa = PBXBuildFile; fileRef = 7274530F2257BB1800BEA850 /* AccountController.swift */; };
		7282CEEF225552E700C49504 /* SettingsViewController.swift in Sources */ = {isa = PBXBuildFile; fileRef = 7282CEEE225552E700C49504 /* SettingsViewController.swift */; };
		7282CEF1225563E200C49504 /* Settings.swift in Sources */ = {isa = PBXBuildFile; fileRef = 7282CEF0225563E200C49504 /* Settings.swift */; };
		72D3B32F224BD584001B0B8F /* DataController.swift in Sources */ = {isa = PBXBuildFile; fileRef = 72D3B32E224BD584001B0B8F /* DataController.swift */; };
		72D3B331224BD8E2001B0B8F /* AlarmEntity+Extension.swift in Sources */ = {isa = PBXBuildFile; fileRef = 72D3B330224BD8E2001B0B8F /* AlarmEntity+Extension.swift */; };
		72D3B336224C1EFC001B0B8F /* ReportViewController.swift in Sources */ = {isa = PBXBuildFile; fileRef = 72D3B335224C1EFC001B0B8F /* ReportViewController.swift */; };
		72D3B338224C2724001B0B8F /* WakeUp.xcdatamodeld in Sources */ = {isa = PBXBuildFile; fileRef = C26C5F142230208900F08E5F /* WakeUp.xcdatamodeld */; };
		A0AF6E2E2F83DCD6937D3BE3 /* Pods_WakeUp.framework in Frameworks */ = {isa = PBXBuildFile; fileRef = D1201DD64D94FDFE650505E0 /* Pods_WakeUp.framework */; };
		C26C5F0E2230208900F08E5F /* AppDelegate.swift in Sources */ = {isa = PBXBuildFile; fileRef = C26C5F0D2230208900F08E5F /* AppDelegate.swift */; };
		C26C5F102230208900F08E5F /* SetAlarmViewController.swift in Sources */ = {isa = PBXBuildFile; fileRef = C26C5F0F2230208900F08E5F /* SetAlarmViewController.swift */; };
		C26C5F132230208900F08E5F /* Main.storyboard in Resources */ = {isa = PBXBuildFile; fileRef = C26C5F112230208900F08E5F /* Main.storyboard */; };
		C26C5F182230208A00F08E5F /* Assets.xcassets in Resources */ = {isa = PBXBuildFile; fileRef = C26C5F172230208A00F08E5F /* Assets.xcassets */; };
		C26C5F1B2230208A00F08E5F /* LaunchScreen.storyboard in Resources */ = {isa = PBXBuildFile; fileRef = C26C5F192230208A00F08E5F /* LaunchScreen.storyboard */; };
		C26C5F2A22345E6B00F08E5F /* RunAlarmViewController.swift in Sources */ = {isa = PBXBuildFile; fileRef = C26C5F2922345E6B00F08E5F /* RunAlarmViewController.swift */; };
/* End PBXBuildFile section */

/* Begin PBXFileReference section */
		642223D30726DDFF1CF192ED /* Pods-WakeUp.debug.xcconfig */ = {isa = PBXFileReference; includeInIndex = 1; lastKnownFileType = text.xcconfig; name = "Pods-WakeUp.debug.xcconfig"; path = "Target Support Files/Pods-WakeUp/Pods-WakeUp.debug.xcconfig"; sourceTree = "<group>"; };
		7203B3B8223D7A08006F5665 /* Date+Extension.swift */ = {isa = PBXFileReference; lastKnownFileType = sourcecode.swift; path = "Date+Extension.swift"; sourceTree = "<group>"; };
		7203B3BB22458910006F5665 /* HealthKit.framework */ = {isa = PBXFileReference; lastKnownFileType = wrapper.framework; name = HealthKit.framework; path = System/Library/Frameworks/HealthKit.framework; sourceTree = SDKROOT; };
		7203B3BD22458910006F5665 /* WakeUp.entitlements */ = {isa = PBXFileReference; lastKnownFileType = text.plist.entitlements; path = WakeUp.entitlements; sourceTree = "<group>"; };
		7203B3BE2246CD6A006F5665 /* Notification+Extension.swift */ = {isa = PBXFileReference; lastKnownFileType = sourcecode.swift; path = "Notification+Extension.swift"; sourceTree = "<group>"; };
		7203B3C02246CE68006F5665 /* MotionTracking.swift */ = {isa = PBXFileReference; lastKnownFileType = sourcecode.swift; path = MotionTracking.swift; sourceTree = "<group>"; };
		720EE292224C338D0094E409 /* UIButton+Extension.swift */ = {isa = PBXFileReference; lastKnownFileType = sourcecode.swift; path = "UIButton+Extension.swift"; sourceTree = "<group>"; };
		720EE2942252C0F90094E409 /* UIView+Extension.swift */ = {isa = PBXFileReference; lastKnownFileType = sourcecode.swift; path = "UIView+Extension.swift"; sourceTree = "<group>"; };
		722825DF223AA7FB0060C608 /* Alarm.swift */ = {isa = PBXFileReference; lastKnownFileType = sourcecode.swift; path = Alarm.swift; sourceTree = "<group>"; };
		722825E1223AAF370060C608 /* Report.swift */ = {isa = PBXFileReference; lastKnownFileType = sourcecode.swift; path = Report.swift; sourceTree = "<group>"; };
		7273281A2257317D002F3081 /* GoogleService-Info.plist */ = {isa = PBXFileReference; fileEncoding = 4; lastKnownFileType = text.plist.xml; path = "GoogleService-Info.plist"; sourceTree = "<group>"; };
		7273281C22574016002F3081 /* SignInViewController.swift */ = {isa = PBXFileReference; lastKnownFileType = sourcecode.swift; path = SignInViewController.swift; sourceTree = "<group>"; };
		7273281E22574BF5002F3081 /* FirebaseClient.swift */ = {isa = PBXFileReference; lastKnownFileType = sourcecode.swift; path = FirebaseClient.swift; sourceTree = "<group>"; };
		7273282122575576002F3081 /* User.swift */ = {isa = PBXFileReference; lastKnownFileType = sourcecode.swift; path = User.swift; sourceTree = "<group>"; };
		727328232257567B002F3081 /* SignUpViewController.swift */ = {isa = PBXFileReference; lastKnownFileType = sourcecode.swift; path = SignUpViewController.swift; sourceTree = "<group>"; };
		7273282822577C34002F3081 /* LoggedInViewController.swift */ = {isa = PBXFileReference; lastKnownFileType = sourcecode.swift; path = LoggedInViewController.swift; sourceTree = "<group>"; };
		7273282A2257A1F9002F3081 /* TabBarController.swift */ = {isa = PBXFileReference; lastKnownFileType = sourcecode.swift; path = TabBarController.swift; sourceTree = "<group>"; };
		72738E3C2254F2A2005AAC9E /* UIImageView+Extension.swift */ = {isa = PBXFileReference; lastKnownFileType = sourcecode.swift; path = "UIImageView+Extension.swift"; sourceTree = "<group>"; };
		7274530B2257AF3800BEA850 /* UserEntity+Extension.swift */ = {isa = PBXFileReference; lastKnownFileType = sourcecode.swift; path = "UserEntity+Extension.swift"; sourceTree = "<group>"; };
		7274530F2257BB1800BEA850 /* AccountController.swift */ = {isa = PBXFileReference; lastKnownFileType = sourcecode.swift; path = AccountController.swift; sourceTree = "<group>"; };
		7282CEEE225552E700C49504 /* SettingsViewController.swift */ = {isa = PBXFileReference; lastKnownFileType = sourcecode.swift; path = SettingsViewController.swift; sourceTree = "<group>"; };
		7282CEF0225563E200C49504 /* Settings.swift */ = {isa = PBXFileReference; lastKnownFileType = sourcecode.swift; name = Settings.swift; path = "Core Data/Settings.swift"; sourceTree = "<group>"; };
		72D3B32E224BD584001B0B8F /* DataController.swift */ = {isa = PBXFileReference; lastKnownFileType = sourcecode.swift; path = DataController.swift; sourceTree = "<group>"; };
		72D3B330224BD8E2001B0B8F /* AlarmEntity+Extension.swift */ = {isa = PBXFileReference; lastKnownFileType = sourcecode.swift; path = "AlarmEntity+Extension.swift"; sourceTree = "<group>"; };
		72D3B335224C1EFC001B0B8F /* ReportViewController.swift */ = {isa = PBXFileReference; lastKnownFileType = sourcecode.swift; path = ReportViewController.swift; sourceTree = "<group>"; };
		C26C5F0A2230208900F08E5F /* WakeUp.app */ = {isa = PBXFileReference; explicitFileType = wrapper.application; includeInIndex = 0; path = WakeUp.app; sourceTree = BUILT_PRODUCTS_DIR; };
		C26C5F0D2230208900F08E5F /* AppDelegate.swift */ = {isa = PBXFileReference; lastKnownFileType = sourcecode.swift; path = AppDelegate.swift; sourceTree = "<group>"; };
		C26C5F0F2230208900F08E5F /* SetAlarmViewController.swift */ = {isa = PBXFileReference; lastKnownFileType = sourcecode.swift; path = SetAlarmViewController.swift; sourceTree = "<group>"; };
		C26C5F122230208900F08E5F /* Base */ = {isa = PBXFileReference; lastKnownFileType = file.storyboard; name = Base; path = Base.lproj/Main.storyboard; sourceTree = "<group>"; };
		C26C5F152230208900F08E5F /* WakeUp.xcdatamodel */ = {isa = PBXFileReference; lastKnownFileType = wrapper.xcdatamodel; path = WakeUp.xcdatamodel; sourceTree = "<group>"; };
		C26C5F172230208A00F08E5F /* Assets.xcassets */ = {isa = PBXFileReference; lastKnownFileType = folder.assetcatalog; path = Assets.xcassets; sourceTree = "<group>"; };
		C26C5F1A2230208A00F08E5F /* Base */ = {isa = PBXFileReference; lastKnownFileType = file.storyboard; name = Base; path = Base.lproj/LaunchScreen.storyboard; sourceTree = "<group>"; };
		C26C5F1C2230208A00F08E5F /* Info.plist */ = {isa = PBXFileReference; lastKnownFileType = text.plist.xml; path = Info.plist; sourceTree = "<group>"; };
		C26C5F2922345E6B00F08E5F /* RunAlarmViewController.swift */ = {isa = PBXFileReference; lastKnownFileType = sourcecode.swift; path = RunAlarmViewController.swift; sourceTree = "<group>"; };
		D1201DD64D94FDFE650505E0 /* Pods_WakeUp.framework */ = {isa = PBXFileReference; explicitFileType = wrapper.framework; includeInIndex = 0; path = Pods_WakeUp.framework; sourceTree = BUILT_PRODUCTS_DIR; };
		FC5F1AC22B65F3C6D81E369E /* Pods-WakeUp.release.xcconfig */ = {isa = PBXFileReference; includeInIndex = 1; lastKnownFileType = text.xcconfig; name = "Pods-WakeUp.release.xcconfig"; path = "Target Support Files/Pods-WakeUp/Pods-WakeUp.release.xcconfig"; sourceTree = "<group>"; };
/* End PBXFileReference section */

/* Begin PBXFrameworksBuildPhase section */
		C26C5F072230208900F08E5F /* Frameworks */ = {
			isa = PBXFrameworksBuildPhase;
			buildActionMask = 2147483647;
			files = (
				7203B3BC22458910006F5665 /* HealthKit.framework in Frameworks */,
				A0AF6E2E2F83DCD6937D3BE3 /* Pods_WakeUp.framework in Frameworks */,
			);
			runOnlyForDeploymentPostprocessing = 0;
		};
/* End PBXFrameworksBuildPhase section */

/* Begin PBXGroup section */
		599748C6B94C619D2D9ACFDF /* Pods */ = {
			isa = PBXGroup;
			children = (
				642223D30726DDFF1CF192ED /* Pods-WakeUp.debug.xcconfig */,
				FC5F1AC22B65F3C6D81E369E /* Pods-WakeUp.release.xcconfig */,
			);
			path = Pods;
			sourceTree = "<group>";
		};
		7203B3BA22458910006F5665 /* Frameworks */ = {
			isa = PBXGroup;
			children = (
				7203B3BB22458910006F5665 /* HealthKit.framework */,
				D1201DD64D94FDFE650505E0 /* Pods_WakeUp.framework */,
			);
			name = Frameworks;
			sourceTree = "<group>";
		};
		720EE291224C334F0094E409 /* Extensions */ = {
			isa = PBXGroup;
			children = (
				7203B3B8223D7A08006F5665 /* Date+Extension.swift */,
				720EE292224C338D0094E409 /* UIButton+Extension.swift */,
				7203B3BE2246CD6A006F5665 /* Notification+Extension.swift */,
				720EE2942252C0F90094E409 /* UIView+Extension.swift */,
				72738E3C2254F2A2005AAC9E /* UIImageView+Extension.swift */,
			);
			path = Extensions;
			sourceTree = "<group>";
		};
		7273282022575564002F3081 /* Firebase Requests */ = {
			isa = PBXGroup;
			children = (
				7273282122575576002F3081 /* User.swift */,
			);
			path = "Firebase Requests";
			sourceTree = "<group>";
		};
		727453112257BB1F00BEA850 /* Base */ = {
			isa = PBXGroup;
			children = (
				7273282A2257A1F9002F3081 /* TabBarController.swift */,
				7274530F2257BB1800BEA850 /* AccountController.swift */,
			);
			path = Base;
			sourceTree = "<group>";
		};
		727453122257C6F900BEA850 /* Firebase API */ = {
			isa = PBXGroup;
			children = (
				7282CEF222572D2F00C49504 /* Firebase Client */,
				7273282022575564002F3081 /* Firebase Requests */,
			);
			path = "Firebase API";
			sourceTree = "<group>";
		};
		7282CEF222572D2F00C49504 /* Firebase Client */ = {
			isa = PBXGroup;
			children = (
				7273281E22574BF5002F3081 /* FirebaseClient.swift */,
			);
			path = "Firebase Client";
			sourceTree = "<group>";
		};
		72D3B332224BD922001B0B8F /* Core Data */ = {
			isa = PBXGroup;
			children = (
				72D3B330224BD8E2001B0B8F /* AlarmEntity+Extension.swift */,
				7274530B2257AF3800BEA850 /* UserEntity+Extension.swift */,
			);
			path = "Core Data";
			sourceTree = "<group>";
		};
		C26C5F012230208900F08E5F = {
			isa = PBXGroup;
			children = (
				C26C5F0D2230208900F08E5F /* AppDelegate.swift */,
				C26C5F0C2230208900F08E5F /* WakeUp */,
				C26C5F0B2230208900F08E5F /* Products */,
				7203B3BA22458910006F5665 /* Frameworks */,
				599748C6B94C619D2D9ACFDF /* Pods */,
			);
			sourceTree = "<group>";
		};
		C26C5F0B2230208900F08E5F /* Products */ = {
			isa = PBXGroup;
			children = (
				C26C5F0A2230208900F08E5F /* WakeUp.app */,
			);
			name = Products;
			sourceTree = "<group>";
		};
		C26C5F0C2230208900F08E5F /* WakeUp */ = {
			isa = PBXGroup;
			children = (
				7203B3BD22458910006F5665 /* WakeUp.entitlements */,
				C26C5F22223023AD00F08E5F /* Model */,
				C26C5F24223023CF00F08E5F /* Views */,
				C26C5F23223023BC00F08E5F /* View Controllers */,
				C26C5F25223023DB00F08E5F /* Storyboards */,
				C26C5F26223023E900F08E5F /* Assets */,
				720EE291224C334F0094E409 /* Extensions */,
				C26C5F1C2230208A00F08E5F /* Info.plist */,
				7273281A2257317D002F3081 /* GoogleService-Info.plist */,
			);
			path = WakeUp;
			sourceTree = "<group>";
		};
		C26C5F22223023AD00F08E5F /* Model */ = {
			isa = PBXGroup;
			children = (
				727453122257C6F900BEA850 /* Firebase API */,
				72D3B332224BD922001B0B8F /* Core Data */,
				C26C5F142230208900F08E5F /* WakeUp.xcdatamodeld */,
				722825DF223AA7FB0060C608 /* Alarm.swift */,
				7203B3C02246CE68006F5665 /* MotionTracking.swift */,
				722825E1223AAF370060C608 /* Report.swift */,
				72D3B32E224BD584001B0B8F /* DataController.swift */,
				7282CEF0225563E200C49504 /* Settings.swift */,
			);
			path = Model;
			sourceTree = "<group>";
		};
		C26C5F23223023BC00F08E5F /* View Controllers */ = {
			isa = PBXGroup;
			children = (
				727453112257BB1F00BEA850 /* Base */,
				C26C5F0F2230208900F08E5F /* SetAlarmViewController.swift */,
				C26C5F2922345E6B00F08E5F /* RunAlarmViewController.swift */,
				72D3B335224C1EFC001B0B8F /* ReportViewController.swift */,
				7282CEEE225552E700C49504 /* SettingsViewController.swift */,
				7273282822577C34002F3081 /* LoggedInViewController.swift */,
				7273281C22574016002F3081 /* SignInViewController.swift */,
				727328232257567B002F3081 /* SignUpViewController.swift */,
			);
			path = "View Controllers";
			sourceTree = "<group>";
		};
		C26C5F24223023CF00F08E5F /* Views */ = {
			isa = PBXGroup;
			children = (
			);
			path = Views;
			sourceTree = "<group>";
		};
		C26C5F25223023DB00F08E5F /* Storyboards */ = {
			isa = PBXGroup;
			children = (
				C26C5F112230208900F08E5F /* Main.storyboard */,
				C26C5F192230208A00F08E5F /* LaunchScreen.storyboard */,
			);
			path = Storyboards;
			sourceTree = "<group>";
		};
		C26C5F26223023E900F08E5F /* Assets */ = {
			isa = PBXGroup;
			children = (
				C26C5F172230208A00F08E5F /* Assets.xcassets */,
			);
			path = Assets;
			sourceTree = "<group>";
		};
/* End PBXGroup section */

/* Begin PBXNativeTarget section */
		C26C5F092230208900F08E5F /* WakeUp */ = {
			isa = PBXNativeTarget;
			buildConfigurationList = C26C5F1F2230208A00F08E5F /* Build configuration list for PBXNativeTarget "WakeUp" */;
			buildPhases = (
				8192F6371038E6700E085D13 /* [CP] Check Pods Manifest.lock */,
				C26C5F062230208900F08E5F /* Sources */,
				C26C5F072230208900F08E5F /* Frameworks */,
				C26C5F082230208900F08E5F /* Resources */,
				B40587A2FF3FBC5D005BC4BA /* [CP] Embed Pods Frameworks */,
			);
			buildRules = (
			);
			dependencies = (
			);
			name = WakeUp;
			productName = WakeUp;
			productReference = C26C5F0A2230208900F08E5F /* WakeUp.app */;
			productType = "com.apple.product-type.application";
		};
/* End PBXNativeTarget section */

/* Begin PBXProject section */
		C26C5F022230208900F08E5F /* Project object */ = {
			isa = PBXProject;
			attributes = {
				LastSwiftUpdateCheck = 1010;
				LastUpgradeCheck = 1010;
				ORGANIZATIONNAME = "Aslan Apps";
				TargetAttributes = {
					C26C5F092230208900F08E5F = {
						CreatedOnToolsVersion = 10.1;
						LastSwiftMigration = 1020;
						SystemCapabilities = {
							com.apple.BackgroundModes = {
								enabled = 1;
							};
							com.apple.HealthKit = {
								enabled = 1;
							};
						};
					};
				};
			};
			buildConfigurationList = C26C5F052230208900F08E5F /* Build configuration list for PBXProject "WakeUp" */;
			compatibilityVersion = "Xcode 9.3";
			developmentRegion = en;
			hasScannedForEncodings = 0;
			knownRegions = (
				en,
				Base,
			);
			mainGroup = C26C5F012230208900F08E5F;
			productRefGroup = C26C5F0B2230208900F08E5F /* Products */;
			projectDirPath = "";
			projectRoot = "";
			targets = (
				C26C5F092230208900F08E5F /* WakeUp */,
			);
		};
/* End PBXProject section */

/* Begin PBXResourcesBuildPhase section */
		C26C5F082230208900F08E5F /* Resources */ = {
			isa = PBXResourcesBuildPhase;
			buildActionMask = 2147483647;
			files = (
				C26C5F1B2230208A00F08E5F /* LaunchScreen.storyboard in Resources */,
				7273281B2257317D002F3081 /* GoogleService-Info.plist in Resources */,
				C26C5F182230208A00F08E5F /* Assets.xcassets in Resources */,
				C26C5F132230208900F08E5F /* Main.storyboard in Resources */,
			);
			runOnlyForDeploymentPostprocessing = 0;
		};
/* End PBXResourcesBuildPhase section */

/* Begin PBXShellScriptBuildPhase section */
		8192F6371038E6700E085D13 /* [CP] Check Pods Manifest.lock */ = {
			isa = PBXShellScriptBuildPhase;
			buildActionMask = 2147483647;
			files = (
			);
			inputFileListPaths = (
			);
			inputPaths = (
				"${PODS_PODFILE_DIR_PATH}/Podfile.lock",
				"${PODS_ROOT}/Manifest.lock",
			);
			name = "[CP] Check Pods Manifest.lock";
			outputFileListPaths = (
			);
			outputPaths = (
				"$(DERIVED_FILE_DIR)/Pods-WakeUp-checkManifestLockResult.txt",
			);
			runOnlyForDeploymentPostprocessing = 0;
			shellPath = /bin/sh;
			shellScript = "diff \"${PODS_PODFILE_DIR_PATH}/Podfile.lock\" \"${PODS_ROOT}/Manifest.lock\" > /dev/null\nif [ $? != 0 ] ; then\n    # print error to STDERR\n    echo \"error: The sandbox is not in sync with the Podfile.lock. Run 'pod install' or update your CocoaPods installation.\" >&2\n    exit 1\nfi\n# This output is used by Xcode 'outputs' to avoid re-running this script phase.\necho \"SUCCESS\" > \"${SCRIPT_OUTPUT_FILE_0}\"\n";
			showEnvVarsInLog = 0;
		};
		B40587A2FF3FBC5D005BC4BA /* [CP] Embed Pods Frameworks */ = {
			isa = PBXShellScriptBuildPhase;
			buildActionMask = 2147483647;
			files = (
			);
			inputFileListPaths = (
			);
			inputPaths = (
				"${PODS_ROOT}/Target Support Files/Pods-WakeUp/Pods-WakeUp-frameworks.sh",
				"${BUILT_PRODUCTS_DIR}/BoringSSL-GRPC/openssl_grpc.framework",
				"${BUILT_PRODUCTS_DIR}/Charts/Charts.framework",
				"${BUILT_PRODUCTS_DIR}/GTMSessionFetcher/GTMSessionFetcher.framework",
				"${BUILT_PRODUCTS_DIR}/GoogleUtilities/GoogleUtilities.framework",
				"${BUILT_PRODUCTS_DIR}/Protobuf/Protobuf.framework",
				"${BUILT_PRODUCTS_DIR}/gRPC-C++/grpcpp.framework",
				"${BUILT_PRODUCTS_DIR}/gRPC-Core/grpc.framework",
				"${BUILT_PRODUCTS_DIR}/leveldb-library/leveldb.framework",
				"${BUILT_PRODUCTS_DIR}/nanopb/nanopb.framework",
			);
			name = "[CP] Embed Pods Frameworks";
			outputFileListPaths = (
			);
			outputPaths = (
				"${TARGET_BUILD_DIR}/${FRAMEWORKS_FOLDER_PATH}/openssl_grpc.framework",
				"${TARGET_BUILD_DIR}/${FRAMEWORKS_FOLDER_PATH}/Charts.framework",
				"${TARGET_BUILD_DIR}/${FRAMEWORKS_FOLDER_PATH}/GTMSessionFetcher.framework",
				"${TARGET_BUILD_DIR}/${FRAMEWORKS_FOLDER_PATH}/GoogleUtilities.framework",
				"${TARGET_BUILD_DIR}/${FRAMEWORKS_FOLDER_PATH}/Protobuf.framework",
				"${TARGET_BUILD_DIR}/${FRAMEWORKS_FOLDER_PATH}/grpcpp.framework",
				"${TARGET_BUILD_DIR}/${FRAMEWORKS_FOLDER_PATH}/grpc.framework",
				"${TARGET_BUILD_DIR}/${FRAMEWORKS_FOLDER_PATH}/leveldb.framework",
				"${TARGET_BUILD_DIR}/${FRAMEWORKS_FOLDER_PATH}/nanopb.framework",
			);
			runOnlyForDeploymentPostprocessing = 0;
			shellPath = /bin/sh;
			shellScript = "\"${PODS_ROOT}/Target Support Files/Pods-WakeUp/Pods-WakeUp-frameworks.sh\"\n";
			showEnvVarsInLog = 0;
		};
/* End PBXShellScriptBuildPhase section */

/* Begin PBXSourcesBuildPhase section */
		C26C5F062230208900F08E5F /* Sources */ = {
			isa = PBXSourcesBuildPhase;
			buildActionMask = 2147483647;
			files = (
				727328242257567B002F3081 /* SignUpViewController.swift in Sources */,
				72738E3D2254F2A2005AAC9E /* UIImageView+Extension.swift in Sources */,
				7273282922577C34002F3081 /* LoggedInViewController.swift in Sources */,
				72D3B338224C2724001B0B8F /* WakeUp.xcdatamodeld in Sources */,
				72D3B331224BD8E2001B0B8F /* AlarmEntity+Extension.swift in Sources */,
				7273282B2257A1F9002F3081 /* TabBarController.swift in Sources */,
				727453102257BB1800BEA850 /* AccountController.swift in Sources */,
				7282CEF1225563E200C49504 /* Settings.swift in Sources */,
				7203B3C12246CE69006F5665 /* MotionTracking.swift in Sources */,
				C26C5F102230208900F08E5F /* SetAlarmViewController.swift in Sources */,
				C26C5F0E2230208900F08E5F /* AppDelegate.swift in Sources */,
				722825E0223AA7FB0060C608 /* Alarm.swift in Sources */,
				7273282222575576002F3081 /* User.swift in Sources */,
				7273281D22574016002F3081 /* SignInViewController.swift in Sources */,
				720EE293224C338D0094E409 /* UIButton+Extension.swift in Sources */,
				7273281F22574BF5002F3081 /* FirebaseClient.swift in Sources */,
				C26C5F2A22345E6B00F08E5F /* RunAlarmViewController.swift in Sources */,
				720EE2952252C0F90094E409 /* UIView+Extension.swift in Sources */,
				7274530C2257AF3800BEA850 /* UserEntity+Extension.swift in Sources */,
				72D3B32F224BD584001B0B8F /* DataController.swift in Sources */,
				7282CEEF225552E700C49504 /* SettingsViewController.swift in Sources */,
				7203B3B9223D7A08006F5665 /* Date+Extension.swift in Sources */,
				72D3B336224C1EFC001B0B8F /* ReportViewController.swift in Sources */,
				7203B3BF2246CD6A006F5665 /* Notification+Extension.swift in Sources */,
				722825E2223AAF370060C608 /* Report.swift in Sources */,
			);
			runOnlyForDeploymentPostprocessing = 0;
		};
/* End PBXSourcesBuildPhase section */

/* Begin PBXVariantGroup section */
		C26C5F112230208900F08E5F /* Main.storyboard */ = {
			isa = PBXVariantGroup;
			children = (
				C26C5F122230208900F08E5F /* Base */,
			);
			name = Main.storyboard;
			sourceTree = "<group>";
		};
		C26C5F192230208A00F08E5F /* LaunchScreen.storyboard */ = {
			isa = PBXVariantGroup;
			children = (
				C26C5F1A2230208A00F08E5F /* Base */,
			);
			name = LaunchScreen.storyboard;
			sourceTree = "<group>";
		};
/* End PBXVariantGroup section */

/* Begin XCBuildConfiguration section */
		C26C5F1D2230208A00F08E5F /* Debug */ = {
			isa = XCBuildConfiguration;
			buildSettings = {
				ALWAYS_SEARCH_USER_PATHS = NO;
				CLANG_ANALYZER_NONNULL = YES;
				CLANG_ANALYZER_NUMBER_OBJECT_CONVERSION = YES_AGGRESSIVE;
				CLANG_CXX_LANGUAGE_STANDARD = "gnu++14";
				CLANG_CXX_LIBRARY = "libc++";
				CLANG_ENABLE_MODULES = YES;
				CLANG_ENABLE_OBJC_ARC = YES;
				CLANG_ENABLE_OBJC_WEAK = YES;
				CLANG_WARN_BLOCK_CAPTURE_AUTORELEASING = YES;
				CLANG_WARN_BOOL_CONVERSION = YES;
				CLANG_WARN_COMMA = YES;
				CLANG_WARN_CONSTANT_CONVERSION = YES;
				CLANG_WARN_DEPRECATED_OBJC_IMPLEMENTATIONS = YES;
				CLANG_WARN_DIRECT_OBJC_ISA_USAGE = YES_ERROR;
				CLANG_WARN_DOCUMENTATION_COMMENTS = YES;
				CLANG_WARN_EMPTY_BODY = YES;
				CLANG_WARN_ENUM_CONVERSION = YES;
				CLANG_WARN_INFINITE_RECURSION = YES;
				CLANG_WARN_INT_CONVERSION = YES;
				CLANG_WARN_NON_LITERAL_NULL_CONVERSION = YES;
				CLANG_WARN_OBJC_IMPLICIT_RETAIN_SELF = YES;
				CLANG_WARN_OBJC_LITERAL_CONVERSION = YES;
				CLANG_WARN_OBJC_ROOT_CLASS = YES_ERROR;
				CLANG_WARN_RANGE_LOOP_ANALYSIS = YES;
				CLANG_WARN_STRICT_PROTOTYPES = YES;
				CLANG_WARN_SUSPICIOUS_MOVE = YES;
				CLANG_WARN_UNGUARDED_AVAILABILITY = YES_AGGRESSIVE;
				CLANG_WARN_UNREACHABLE_CODE = YES;
				CLANG_WARN__DUPLICATE_METHOD_MATCH = YES;
				CODE_SIGN_IDENTITY = "iPhone Developer";
				COPY_PHASE_STRIP = NO;
				DEBUG_INFORMATION_FORMAT = dwarf;
				ENABLE_STRICT_OBJC_MSGSEND = YES;
				ENABLE_TESTABILITY = YES;
				GCC_C_LANGUAGE_STANDARD = gnu11;
				GCC_DYNAMIC_NO_PIC = NO;
				GCC_NO_COMMON_BLOCKS = YES;
				GCC_OPTIMIZATION_LEVEL = 0;
				GCC_PREPROCESSOR_DEFINITIONS = (
					"DEBUG=1",
					"$(inherited)",
				);
				GCC_WARN_64_TO_32_BIT_CONVERSION = YES;
				GCC_WARN_ABOUT_RETURN_TYPE = YES_ERROR;
				GCC_WARN_UNDECLARED_SELECTOR = YES;
				GCC_WARN_UNINITIALIZED_AUTOS = YES_AGGRESSIVE;
				GCC_WARN_UNUSED_FUNCTION = YES;
				GCC_WARN_UNUSED_VARIABLE = YES;
				IPHONEOS_DEPLOYMENT_TARGET = 12.1;
				MTL_ENABLE_DEBUG_INFO = INCLUDE_SOURCE;
				MTL_FAST_MATH = YES;
				ONLY_ACTIVE_ARCH = YES;
				SDKROOT = iphoneos;
				SWIFT_ACTIVE_COMPILATION_CONDITIONS = DEBUG;
				SWIFT_OPTIMIZATION_LEVEL = "-Onone";
			};
			name = Debug;
		};
		C26C5F1E2230208A00F08E5F /* Release */ = {
			isa = XCBuildConfiguration;
			buildSettings = {
				ALWAYS_SEARCH_USER_PATHS = NO;
				CLANG_ANALYZER_NONNULL = YES;
				CLANG_ANALYZER_NUMBER_OBJECT_CONVERSION = YES_AGGRESSIVE;
				CLANG_CXX_LANGUAGE_STANDARD = "gnu++14";
				CLANG_CXX_LIBRARY = "libc++";
				CLANG_ENABLE_MODULES = YES;
				CLANG_ENABLE_OBJC_ARC = YES;
				CLANG_ENABLE_OBJC_WEAK = YES;
				CLANG_WARN_BLOCK_CAPTURE_AUTORELEASING = YES;
				CLANG_WARN_BOOL_CONVERSION = YES;
				CLANG_WARN_COMMA = YES;
				CLANG_WARN_CONSTANT_CONVERSION = YES;
				CLANG_WARN_DEPRECATED_OBJC_IMPLEMENTATIONS = YES;
				CLANG_WARN_DIRECT_OBJC_ISA_USAGE = YES_ERROR;
				CLANG_WARN_DOCUMENTATION_COMMENTS = YES;
				CLANG_WARN_EMPTY_BODY = YES;
				CLANG_WARN_ENUM_CONVERSION = YES;
				CLANG_WARN_INFINITE_RECURSION = YES;
				CLANG_WARN_INT_CONVERSION = YES;
				CLANG_WARN_NON_LITERAL_NULL_CONVERSION = YES;
				CLANG_WARN_OBJC_IMPLICIT_RETAIN_SELF = YES;
				CLANG_WARN_OBJC_LITERAL_CONVERSION = YES;
				CLANG_WARN_OBJC_ROOT_CLASS = YES_ERROR;
				CLANG_WARN_RANGE_LOOP_ANALYSIS = YES;
				CLANG_WARN_STRICT_PROTOTYPES = YES;
				CLANG_WARN_SUSPICIOUS_MOVE = YES;
				CLANG_WARN_UNGUARDED_AVAILABILITY = YES_AGGRESSIVE;
				CLANG_WARN_UNREACHABLE_CODE = YES;
				CLANG_WARN__DUPLICATE_METHOD_MATCH = YES;
				CODE_SIGN_IDENTITY = "iPhone Developer";
				COPY_PHASE_STRIP = NO;
				DEBUG_INFORMATION_FORMAT = "dwarf-with-dsym";
				ENABLE_NS_ASSERTIONS = NO;
				ENABLE_STRICT_OBJC_MSGSEND = YES;
				GCC_C_LANGUAGE_STANDARD = gnu11;
				GCC_NO_COMMON_BLOCKS = YES;
				GCC_WARN_64_TO_32_BIT_CONVERSION = YES;
				GCC_WARN_ABOUT_RETURN_TYPE = YES_ERROR;
				GCC_WARN_UNDECLARED_SELECTOR = YES;
				GCC_WARN_UNINITIALIZED_AUTOS = YES_AGGRESSIVE;
				GCC_WARN_UNUSED_FUNCTION = YES;
				GCC_WARN_UNUSED_VARIABLE = YES;
				IPHONEOS_DEPLOYMENT_TARGET = 12.1;
				MTL_ENABLE_DEBUG_INFO = NO;
				MTL_FAST_MATH = YES;
				SDKROOT = iphoneos;
				SWIFT_COMPILATION_MODE = wholemodule;
				SWIFT_OPTIMIZATION_LEVEL = "-O";
				VALIDATE_PRODUCT = YES;
			};
			name = Release;
		};
		C26C5F202230208A00F08E5F /* Debug */ = {
			isa = XCBuildConfiguration;
			baseConfigurationReference = 642223D30726DDFF1CF192ED /* Pods-WakeUp.debug.xcconfig */;
			buildSettings = {
				ASSETCATALOG_COMPILER_APPICON_NAME = AppIcon;
				CODE_SIGN_ENTITLEMENTS = WakeUp/WakeUp.entitlements;
				CODE_SIGN_STYLE = Automatic;
				DEVELOPMENT_TEAM = C43W85383G;
				INFOPLIST_FILE = WakeUp/Info.plist;
				LD_RUNPATH_SEARCH_PATHS = (
					"$(inherited)",
					"@executable_path/Frameworks",
				);
				PRODUCT_BUNDLE_IDENTIFIER = com.aslanapps.WakeUp;
				PRODUCT_NAME = "$(TARGET_NAME)";
				SWIFT_VERSION = 5.0;
				TARGETED_DEVICE_FAMILY = "1,2";
			};
			name = Debug;
		};
		C26C5F212230208A00F08E5F /* Release */ = {
			isa = XCBuildConfiguration;
			baseConfigurationReference = FC5F1AC22B65F3C6D81E369E /* Pods-WakeUp.release.xcconfig */;
			buildSettings = {
				ASSETCATALOG_COMPILER_APPICON_NAME = AppIcon;
				CODE_SIGN_ENTITLEMENTS = WakeUp/WakeUp.entitlements;
				CODE_SIGN_STYLE = Automatic;
				DEVELOPMENT_TEAM = C43W85383G;
				INFOPLIST_FILE = WakeUp/Info.plist;
				LD_RUNPATH_SEARCH_PATHS = (
					"$(inherited)",
					"@executable_path/Frameworks",
				);
				PRODUCT_BUNDLE_IDENTIFIER = com.aslanapps.WakeUp;
				PRODUCT_NAME = "$(TARGET_NAME)";
				SWIFT_VERSION = 5.0;
				TARGETED_DEVICE_FAMILY = "1,2";
			};
			name = Release;
		};
/* End XCBuildConfiguration section */

/* Begin XCConfigurationList section */
		C26C5F052230208900F08E5F /* Build configuration list for PBXProject "WakeUp" */ = {
			isa = XCConfigurationList;
			buildConfigurations = (
				C26C5F1D2230208A00F08E5F /* Debug */,
				C26C5F1E2230208A00F08E5F /* Release */,
			);
			defaultConfigurationIsVisible = 0;
			defaultConfigurationName = Release;
		};
		C26C5F1F2230208A00F08E5F /* Build configuration list for PBXNativeTarget "WakeUp" */ = {
			isa = XCConfigurationList;
			buildConfigurations = (
				C26C5F202230208A00F08E5F /* Debug */,
				C26C5F212230208A00F08E5F /* Release */,
			);
			defaultConfigurationIsVisible = 0;
			defaultConfigurationName = Release;
		};
/* End XCConfigurationList section */

/* Begin XCVersionGroup section */
		C26C5F142230208900F08E5F /* WakeUp.xcdatamodeld */ = {
			isa = XCVersionGroup;
			children = (
				C26C5F152230208900F08E5F /* WakeUp.xcdatamodel */,
			);
			currentVersion = C26C5F152230208900F08E5F /* WakeUp.xcdatamodel */;
			path = WakeUp.xcdatamodeld;
			sourceTree = "<group>";
			versionGroupType = wrapper.xcdatamodel;
		};
/* End XCVersionGroup section */
	};
	rootObject = C26C5F022230208900F08E5F /* Project object */;
}
